lockfileVersion: '9.0'

settings:
  autoInstallPeers: true
  excludeLinksFromLockfile: false

importers:

  .:
    devDependencies:
      '@tsconfig/node22':
        specifier: ^22.0.0
        version: 22.0.0
      '@tsconfig/svelte':
        specifier: ^5.0.4
        version: 5.0.4

packages:

  '@tsconfig/node22@22.0.0':
    resolution: {integrity: sha512-twLQ77zevtxobBOD4ToAtVmuYrpeYUh3qh+TEp+08IWhpsrIflVHqQ1F1CiPxQGL7doCdBIOOCF+1Tm833faNg==}

  '@tsconfig/svelte@5.0.4':
    resolution: {integrity: sha512-BV9NplVgLmSi4mwKzD8BD/NQ8erOY/nUE/GpgWe2ckx+wIQF5RyRirn/QsSSCPeulVpc3RA/iJt6DpfTIZps0Q==}

snapshots:

  '@tsconfig/node22@22.0.0': {}

  '@tsconfig/svelte@5.0.4': {}
